// !$*UTF8*$!
{
	archiveVersion = 1;
	classes = {
	};
	objectVersion = 55;
	objects = {

/* Begin PBXBuildFile section */
		3B9C18332818D8700077D472 /* ActivityViewController.swift in Sources */ = {isa = PBXBuildFile; fileRef = 3B9C18322818D8700077D472 /* ActivityViewController.swift */; };
		3B9C18352818D8A30077D472 /* ScheduleDetailViewController.swift in Sources */ = {isa = PBXBuildFile; fileRef = 3B9C18342818D8A30077D472 /* ScheduleDetailViewController.swift */; };
		3B9C18372818D8B30077D472 /* ActivityDetailViewController.swift in Sources */ = {isa = PBXBuildFile; fileRef = 3B9C18362818D8B30077D472 /* ActivityDetailViewController.swift */; };
		3B9C18392818D8D70077D472 /* CategoriesViewController.swift in Sources */ = {isa = PBXBuildFile; fileRef = 3B9C18382818D8D70077D472 /* CategoriesViewController.swift */; };
		3BB3F3712818B52A00B21469 /* AppDelegate.swift in Sources */ = {isa = PBXBuildFile; fileRef = 3BB3F3702818B52A00B21469 /* AppDelegate.swift */; };
		3BB3F3732818B52A00B21469 /* SceneDelegate.swift in Sources */ = {isa = PBXBuildFile; fileRef = 3BB3F3722818B52A00B21469 /* SceneDelegate.swift */; };
		3BB3F3752818B52A00B21469 /* SchedulerViewController.swift in Sources */ = {isa = PBXBuildFile; fileRef = 3BB3F3742818B52A00B21469 /* SchedulerViewController.swift */; };
		3BB3F3782818B52A00B21469 /* Main.storyboard in Resources */ = {isa = PBXBuildFile; fileRef = 3BB3F3762818B52A00B21469 /* Main.storyboard */; };
		3BB3F37B2818B52A00B21469 /* My_Scheduler.xcdatamodeld in Sources */ = {isa = PBXBuildFile; fileRef = 3BB3F3792818B52A00B21469 /* My_Scheduler.xcdatamodeld */; };
		3BB3F37D2818B52B00B21469 /* Assets.xcassets in Resources */ = {isa = PBXBuildFile; fileRef = 3BB3F37C2818B52B00B21469 /* Assets.xcassets */; };
		3BB3F3802818B52B00B21469 /* LaunchScreen.storyboard in Resources */ = {isa = PBXBuildFile; fileRef = 3BB3F37E2818B52B00B21469 /* LaunchScreen.storyboard */; };
/* End PBXBuildFile section */

/* Begin PBXFileReference section */
		3B9C18322818D8700077D472 /* ActivityViewController.swift */ = {isa = PBXFileReference; lastKnownFileType = sourcecode.swift; path = ActivityViewController.swift; sourceTree = "<group>"; };
		3B9C18342818D8A30077D472 /* ScheduleDetailViewController.swift */ = {isa = PBXFileReference; lastKnownFileType = sourcecode.swift; path = ScheduleDetailViewController.swift; sourceTree = "<group>"; };
		3B9C18362818D8B30077D472 /* ActivityDetailViewController.swift */ = {isa = PBXFileReference; lastKnownFileType = sourcecode.swift; path = ActivityDetailViewController.swift; sourceTree = "<group>"; };
		3B9C18382818D8D70077D472 /* CategoriesViewController.swift */ = {isa = PBXFileReference; lastKnownFileType = sourcecode.swift; path = CategoriesViewController.swift; sourceTree = "<group>"; };
		3BB3F36D2818B52A00B21469 /* My Scheduler.app */ = {isa = PBXFileReference; explicitFileType = wrapper.application; includeInIndex = 0; path = "My Scheduler.app"; sourceTree = BUILT_PRODUCTS_DIR; };
		3BB3F3702818B52A00B21469 /* AppDelegate.swift */ = {isa = PBXFileReference; lastKnownFileType = sourcecode.swift; path = AppDelegate.swift; sourceTree = "<group>"; };
		3BB3F3722818B52A00B21469 /* SceneDelegate.swift */ = {isa = PBXFileReference; lastKnownFileType = sourcecode.swift; path = SceneDelegate.swift; sourceTree = "<group>"; };
		3BB3F3742818B52A00B21469 /* SchedulerViewController.swift */ = {isa = PBXFileReference; lastKnownFileType = sourcecode.swift; path = SchedulerViewController.swift; sourceTree = "<group>"; };
		3BB3F3772818B52A00B21469 /* Base */ = {isa = PBXFileReference; lastKnownFileType = file.storyboard; name = Base; path = Base.lproj/Main.storyboard; sourceTree = "<group>"; };
		3BB3F37A2818B52A00B21469 /* My_Scheduler.xcdatamodel */ = {isa = PBXFileReference; lastKnownFileType = wrapper.xcdatamodel; path = My_Scheduler.xcdatamodel; sourceTree = "<group>"; };
		3BB3F37C2818B52B00B21469 /* Assets.xcassets */ = {isa = PBXFileReference; lastKnownFileType = folder.assetcatalog; path = Assets.xcassets; sourceTree = "<group>"; };
		3BB3F37F2818B52B00B21469 /* Base */ = {isa = PBXFileReference; lastKnownFileType = file.storyboard; name = Base; path = Base.lproj/LaunchScreen.storyboard; sourceTree = "<group>"; };
		3BB3F3812818B52B00B21469 /* Info.plist */ = {isa = PBXFileReference; lastKnownFileType = text.plist.xml; path = Info.plist; sourceTree = "<group>"; };
/* End PBXFileReference section */

/* Begin PBXFrameworksBuildPhase section */
		3BB3F36A2818B52A00B21469 /* Frameworks */ = {
			isa = PBXFrameworksBuildPhase;
			buildActionMask = 2147483647;
			files = (
			);
			runOnlyForDeploymentPostprocessing = 0;
		};
/* End PBXFrameworksBuildPhase section */

/* Begin PBXGroup section */
		3BB3F3642818B52A00B21469 = {
			isa = PBXGroup;
			children = (
				3BB3F36F2818B52A00B21469 /* My Scheduler */,
				3BB3F36E2818B52A00B21469 /* Products */,
			);
			sourceTree = "<group>";
		};
		3BB3F36E2818B52A00B21469 /* Products */ = {
			isa = PBXGroup;
			children = (
				3BB3F36D2818B52A00B21469 /* My Scheduler.app */,
			);
			name = Products;
			sourceTree = "<group>";
		};
		3BB3F36F2818B52A00B21469 /* My Scheduler */ = {
			isa = PBXGroup;
			children = (
				3BB3F3702818B52A00B21469 /* AppDelegate.swift */,
				3BB3F3722818B52A00B21469 /* SceneDelegate.swift */,
				3BB3F3742818B52A00B21469 /* SchedulerViewController.swift */,
				3B9C18322818D8700077D472 /* ActivityViewController.swift */,
				3B9C18342818D8A30077D472 /* ScheduleDetailViewController.swift */,
				3B9C18362818D8B30077D472 /* ActivityDetailViewController.swift */,
				3B9C18382818D8D70077D472 /* CategoriesViewController.swift */,
				3BB3F3762818B52A00B21469 /* Main.storyboard */,
				3BB3F37E2818B52B00B21469 /* LaunchScreen.storyboard */,
				3BB3F37C2818B52B00B21469 /* Assets.xcassets */,
				3BB3F3812818B52B00B21469 /* Info.plist */,
				3BB3F3792818B52A00B21469 /* My_Scheduler.xcdatamodeld */,
			);
			path = "My Scheduler";
			sourceTree = "<group>";
		};
/* End PBXGroup section */

/* Begin PBXNativeTarget section */
		3BB3F36C2818B52A00B21469 /* My Scheduler */ = {
			isa = PBXNativeTarget;
			buildConfigurationList = 3BB3F3842818B52B00B21469 /* Build configuration list for PBXNativeTarget "My Scheduler" */;
			buildPhases = (
				3BB3F3692818B52A00B21469 /* Sources */,
				3BB3F36A2818B52A00B21469 /* Frameworks */,
				3BB3F36B2818B52A00B21469 /* Resources */,
			);
			buildRules = (
			);
			dependencies = (
			);
			name = "My Scheduler";
			productName = "My Scheduler";
			productReference = 3BB3F36D2818B52A00B21469 /* My Scheduler.app */;
			productType = "com.apple.product-type.application";
		};
/* End PBXNativeTarget section */

/* Begin PBXProject section */
		3BB3F3652818B52A00B21469 /* Project object */ = {
			isa = PBXProject;
			attributes = {
				BuildIndependentTargetsInParallel = 1;
				LastSwiftUpdateCheck = 1330;
				LastUpgradeCheck = 1330;
				TargetAttributes = {
					3BB3F36C2818B52A00B21469 = {
						CreatedOnToolsVersion = 13.3.1;
					};
				};
			};
			buildConfigurationList = 3BB3F3682818B52A00B21469 /* Build configuration list for PBXProject "My Scheduler" */;
			compatibilityVersion = "Xcode 13.0";
			developmentRegion = en;
			hasScannedForEncodings = 0;
			knownRegions = (
				en,
				Base,
			);
			mainGroup = 3BB3F3642818B52A00B21469;
			productRefGroup = 3BB3F36E2818B52A00B21469 /* Products */;
			projectDirPath = "";
			projectRoot = "";
			targets = (
				3BB3F36C2818B52A00B21469 /* My Scheduler */,
			);
		};
/* End PBXProject section */

/* Begin PBXResourcesBuildPhase section */
		3BB3F36B2818B52A00B21469 /* Resources */ = {
			isa = PBXResourcesBuildPhase;
			buildActionMask = 2147483647;
			files = (
				3BB3F3802818B52B00B21469 /* LaunchScreen.storyboard in Resources */,
				3BB3F37D2818B52B00B21469 /* Assets.xcassets in Resources */,
				3BB3F3782818B52A00B21469 /* Main.storyboard in Resources */,
			);
			runOnlyForDeploymentPostprocessing = 0;
		};
/* End PBXResourcesBuildPhase section */

/* Begin PBXSourcesBuildPhase section */
		3BB3F3692818B52A00B21469 /* Sources */ = {
			isa = PBXSourcesBuildPhase;
			buildActionMask = 2147483647;
			files = (
				3B9C18352818D8A30077D472 /* ScheduleDetailViewController.swift in Sources */,
				3BB3F3752818B52A00B21469 /* SchedulerViewController.swift in Sources */,
				3B9C18372818D8B30077D472 /* ActivityDetailViewController.swift in Sources */,
				3BB3F37B2818B52A00B21469 /* My_Scheduler.xcdatamodeld in Sources */,
				3BB3F3712818B52A00B21469 /* AppDelegate.swift in Sources */,
				3B9C18332818D8700077D472 /* ActivityViewController.swift in Sources */,
				3B9C18392818D8D70077D472 /* CategoriesViewController.swift in Sources */,
				3BB3F3732818B52A00B21469 /* SceneDelegate.swift in Sources */,
			);
			runOnlyForDeploymentPostprocessing = 0;
		};
/* End PBXSourcesBuildPhase section */

/* Begin PBXVariantGroup section */
		3BB3F3762818B52A00B21469 /* Main.storyboard */ = {
			isa = PBXVariantGroup;
			children = (
				3BB3F3772818B52A00B21469 /* Base */,
			);
			name = Main.storyboard;
			sourceTree = "<group>";
		};
		3BB3F37E2818B52B00B21469 /* LaunchScreen.storyboard */ = {
			isa = PBXVariantGroup;
			children = (
				3BB3F37F2818B52B00B21469 /* Base */,
			);
			name = LaunchScreen.storyboard;
			sourceTree = "<group>";
		};
/* End PBXVariantGroup section */

/* Begin XCBuildConfiguration section */
		3BB3F3822818B52B00B21469 /* Debug */ = {
			isa = XCBuildConfiguration;
			buildSettings = {
				ALWAYS_SEARCH_USER_PATHS = NO;
				CLANG_ANALYZER_NONNULL = YES;
				CLANG_ANALYZER_NUMBER_OBJECT_CONVERSION = YES_AGGRESSIVE;
				CLANG_CXX_LANGUAGE_STANDARD = "gnu++17";
				CLANG_ENABLE_MODULES = YES;
				CLANG_ENABLE_OBJC_ARC = YES;
				CLANG_ENABLE_OBJC_WEAK = YES;
				CLANG_WARN_BLOCK_CAPTURE_AUTORELEASING = YES;
				CLANG_WARN_BOOL_CONVERSION = YES;
				CLANG_WARN_COMMA = YES;
				CLANG_WARN_CONSTANT_CONVERSION = YES;
				CLANG_WARN_DEPRECATED_OBJC_IMPLEMENTATIONS = YES;
				CLANG_WARN_DIRECT_OBJC_ISA_USAGE = YES_ERROR;
				CLANG_WARN_DOCUMENTATION_COMMENTS = YES;
				CLANG_WARN_EMPTY_BODY = YES;
				CLANG_WARN_ENUM_CONVERSION = YES;
				CLANG_WARN_INFINITE_RECURSION = YES;
				CLANG_WARN_INT_CONVERSION = YES;
				CLANG_WARN_NON_LITERAL_NULL_CONVERSION = YES;
				CLANG_WARN_OBJC_IMPLICIT_RETAIN_SELF = YES;
				CLANG_WARN_OBJC_LITERAL_CONVERSION = YES;
				CLANG_WARN_OBJC_ROOT_CLASS = YES_ERROR;
				CLANG_WARN_QUOTED_INCLUDE_IN_FRAMEWORK_HEADER = YES;
				CLANG_WARN_RANGE_LOOP_ANALYSIS = YES;
				CLANG_WARN_STRICT_PROTOTYPES = YES;
				CLANG_WARN_SUSPICIOUS_MOVE = YES;
				CLANG_WARN_UNGUARDED_AVAILABILITY = YES_AGGRESSIVE;
				CLANG_WARN_UNREACHABLE_CODE = YES;
				CLANG_WARN__DUPLICATE_METHOD_MATCH = YES;
				COPY_PHASE_STRIP = NO;
				DEBUG_INFORMATION_FORMAT = dwarf;
				ENABLE_STRICT_OBJC_MSGSEND = YES;
				ENABLE_TESTABILITY = YES;
				GCC_C_LANGUAGE_STANDARD = gnu11;
				GCC_DYNAMIC_NO_PIC = NO;
				GCC_NO_COMMON_BLOCKS = YES;
				GCC_OPTIMIZATION_LEVEL = 0;
				GCC_PREPROCESSOR_DEFINITIONS = (
					"DEBUG=1",
					"$(inherited)",
				);
				GCC_WARN_64_TO_32_BIT_CONVERSION = YES;
				GCC_WARN_ABOUT_RETURN_TYPE = YES_ERROR;
				GCC_WARN_UNDECLARED_SELECTOR = YES;
				GCC_WARN_UNINITIALIZED_AUTOS = YES_AGGRESSIVE;
				GCC_WARN_UNUSED_FUNCTION = YES;
				GCC_WARN_UNUSED_VARIABLE = YES;
				IPHONEOS_DEPLOYMENT_TARGET = 15.4;
				MTL_ENABLE_DEBUG_INFO = INCLUDE_SOURCE;
				MTL_FAST_MATH = YES;
				ONLY_ACTIVE_ARCH = YES;
				SDKROOT = iphoneos;
				SWIFT_ACTIVE_COMPILATION_CONDITIONS = DEBUG;
				SWIFT_OPTIMIZATION_LEVEL = "-Onone";
			};
			name = Debug;
		};
		3BB3F3832818B52B00B21469 /* Release */ = {
			isa = XCBuildConfiguration;
			buildSettings = {
				ALWAYS_SEARCH_USER_PATHS = NO;
				CLANG_ANALYZER_NONNULL = YES;
				CLANG_ANALYZER_NUMBER_OBJECT_CONVERSION = YES_AGGRESSIVE;
				CLANG_CXX_LANGUAGE_STANDARD = "gnu++17";
				CLANG_ENABLE_MODULES = YES;
				CLANG_ENABLE_OBJC_ARC = YES;
				CLANG_ENABLE_OBJC_WEAK = YES;
				CLANG_WARN_BLOCK_CAPTURE_AUTORELEASING = YES;
				CLANG_WARN_BOOL_CONVERSION = YES;
				CLANG_WARN_COMMA = YES;
				CLANG_WARN_CONSTANT_CONVERSION = YES;
				CLANG_WARN_DEPRECATED_OBJC_IMPLEMENTATIONS = YES;
				CLANG_WARN_DIRECT_OBJC_ISA_USAGE = YES_ERROR;
				CLANG_WARN_DOCUMENTATION_COMMENTS = YES;
				CLANG_WARN_EMPTY_BODY = YES;
				CLANG_WARN_ENUM_CONVERSION = YES;
				CLANG_WARN_INFINITE_RECURSION = YES;
				CLANG_WARN_INT_CONVERSION = YES;
				CLANG_WARN_NON_LITERAL_NULL_CONVERSION = YES;
				CLANG_WARN_OBJC_IMPLICIT_RETAIN_SELF = YES;
				CLANG_WARN_OBJC_LITERAL_CONVERSION = YES;
				CLANG_WARN_OBJC_ROOT_CLASS = YES_ERROR;
				CLANG_WARN_QUOTED_INCLUDE_IN_FRAMEWORK_HEADER = YES;
				CLANG_WARN_RANGE_LOOP_ANALYSIS = YES;
				CLANG_WARN_STRICT_PROTOTYPES = YES;
				CLANG_WARN_SUSPICIOUS_MOVE = YES;
				CLANG_WARN_UNGUARDED_AVAILABILITY = YES_AGGRESSIVE;
				CLANG_WARN_UNREACHABLE_CODE = YES;
				CLANG_WARN__DUPLICATE_METHOD_MATCH = YES;
				COPY_PHASE_STRIP = NO;
				DEBUG_INFORMATION_FORMAT = "dwarf-with-dsym";
				ENABLE_NS_ASSERTIONS = NO;
				ENABLE_STRICT_OBJC_MSGSEND = YES;
				GCC_C_LANGUAGE_STANDARD = gnu11;
				GCC_NO_COMMON_BLOCKS = YES;
				GCC_WARN_64_TO_32_BIT_CONVERSION = YES;
				GCC_WARN_ABOUT_RETURN_TYPE = YES_ERROR;
				GCC_WARN_UNDECLARED_SELECTOR = YES;
				GCC_WARN_UNINITIALIZED_AUTOS = YES_AGGRESSIVE;
				GCC_WARN_UNUSED_FUNCTION = YES;
				GCC_WARN_UNUSED_VARIABLE = YES;
				IPHONEOS_DEPLOYMENT_TARGET = 15.4;
				MTL_ENABLE_DEBUG_INFO = NO;
				MTL_FAST_MATH = YES;
				SDKROOT = iphoneos;
				SWIFT_COMPILATION_MODE = wholemodule;
				SWIFT_OPTIMIZATION_LEVEL = "-O";
				VALIDATE_PRODUCT = YES;
			};
			name = Release;
		};
		3BB3F3852818B52B00B21469 /* Debug */ = {
			isa = XCBuildConfiguration;
			buildSettings = {
				ASSETCATALOG_COMPILER_APPICON_NAME = AppIcon;
				ASSETCATALOG_COMPILER_GLOBAL_ACCENT_COLOR_NAME = AccentColor;
				CODE_SIGN_STYLE = Automatic;
				CURRENT_PROJECT_VERSION = 1;
				DEVELOPMENT_TEAM = YFHWVSQVD7;
				GENERATE_INFOPLIST_FILE = YES;
				INFOPLIST_FILE = "My Scheduler/Info.plist";
				INFOPLIST_KEY_UIApplicationSupportsIndirectInputEvents = YES;
				INFOPLIST_KEY_UILaunchStoryboardName = LaunchScreen;
				INFOPLIST_KEY_UIMainStoryboardFile = Main;
				INFOPLIST_KEY_UISupportedInterfaceOrientations = UIInterfaceOrientationPortrait;
				INFOPLIST_KEY_UISupportedInterfaceOrientations_iPad = "UIInterfaceOrientationPortrait UIInterfaceOrientationPortraitUpsideDown UIInterfaceOrientationLandscapeLeft UIInterfaceOrientationLandscapeRight";
				INFOPLIST_KEY_UISupportedInterfaceOrientations_iPhone = "UIInterfaceOrientationPortrait UIInterfaceOrientationLandscapeLeft UIInterfaceOrientationLandscapeRight";
				LD_RUNPATH_SEARCH_PATHS = (
					"$(inherited)",
					"@executable_path/Frameworks",
				);
				MARKETING_VERSION = 1.0;
				PRODUCT_BUNDLE_IDENTIFIER = "com.williamchrisandy.My-Scheduler";
				PRODUCT_NAME = "$(TARGET_NAME)";
				SWIFT_EMIT_LOC_STRINGS = YES;
				SWIFT_VERSION = 5.0;
				TARGETED_DEVICE_FAMILY = "1,2";
			};
			name = Debug;
		};
		3BB3F3862818B52B00B21469 /* Release */ = {
			isa = XCBuildConfiguration;
			buildSettings = {
				ASSETCATALOG_COMPILER_APPICON_NAME = AppIcon;
				ASSETCATALOG_COMPILER_GLOBAL_ACCENT_COLOR_NAME = AccentColor;
				CODE_SIGN_STYLE = Automatic;
				CURRENT_PROJECT_VERSION = 1;
				DEVELOPMENT_TEAM = YFHWVSQVD7;
				GENERATE_INFOPLIST_FILE = YES;
				INFOPLIST_FILE = "My Scheduler/Info.plist";
				INFOPLIST_KEY_UIApplicationSupportsIndirectInputEvents = YES;
				INFOPLIST_KEY_UILaunchStoryboardName = LaunchScreen;
				INFOPLIST_KEY_UIMainStoryboardFile = Main;
				INFOPLIST_KEY_UISupportedInterfaceOrientations = UIInterfaceOrientationPortrait;
				INFOPLIST_KEY_UISupportedInterfaceOrientations_iPad = "UIInterfaceOrientationPortrait UIInterfaceOrientationPortraitUpsideDown UIInterfaceOrientationLandscapeLeft UIInterfaceOrientationLandscapeRight";
				INFOPLIST_KEY_UISupportedInterfaceOrientations_iPhone = "UIInterfaceOrientationPortrait UIInterfaceOrientationLandscapeLeft UIInterfaceOrientationLandscapeRight";
				LD_RUNPATH_SEARCH_PATHS = (
					"$(inherited)",
					"@executable_path/Frameworks",
				);
				MARKETING_VERSION = 1.0;
				PRODUCT_BUNDLE_IDENTIFIER = "com.williamchrisandy.My-Scheduler";
				PRODUCT_NAME = "$(TARGET_NAME)";
				SWIFT_EMIT_LOC_STRINGS = YES;
				SWIFT_VERSION = 5.0;
				TARGETED_DEVICE_FAMILY = "1,2";
			};
			name = Release;
		};
/* End XCBuildConfiguration section */

/* Begin XCConfigurationList section */
		3BB3F3682818B52A00B21469 /* Build configuration list for PBXProject "My Scheduler" */ = {
			isa = XCConfigurationList;
			buildConfigurations = (
				3BB3F3822818B52B00B21469 /* Debug */,
				3BB3F3832818B52B00B21469 /* Release */,
			);
			defaultConfigurationIsVisible = 0;
			defaultConfigurationName = Release;
		};
		3BB3F3842818B52B00B21469 /* Build configuration list for PBXNativeTarget "My Scheduler" */ = {
			isa = XCConfigurationList;
			buildConfigurations = (
				3BB3F3852818B52B00B21469 /* Debug */,
				3BB3F3862818B52B00B21469 /* Release */,
			);
			defaultConfigurationIsVisible = 0;
			defaultConfigurationName = Release;
		};
/* End XCConfigurationList section */

/* Begin XCVersionGroup section */
		3BB3F3792818B52A00B21469 /* My_Scheduler.xcdatamodeld */ = {
			isa = XCVersionGroup;
			children = (
				3BB3F37A2818B52A00B21469 /* My_Scheduler.xcdatamodel */,
			);
			currentVersion = 3BB3F37A2818B52A00B21469 /* My_Scheduler.xcdatamodel */;
			path = My_Scheduler.xcdatamodeld;
			sourceTree = "<group>";
			versionGroupType = wrapper.xcdatamodel;
		};
/* End XCVersionGroup section */
	};
	rootObject = 3BB3F3652818B52A00B21469 /* Project object */;
}
